
Microsoft Visual Studio Solution File, Format Version 12.00
# Visual Studio Version 17
VisualStudioVersion = 17.14.36408.4
MinimumVisualStudioVersion = 10.0.40219.1
Project("{FAE04EC0-301F-11D3-BF4B-00C04F79EFBC}") = "Cubase.Midi.Sync.UI", "Cubase.Midi.Sync.UI.csproj", "{144916B4-5B12-46F0-B693-5CD05EEB3454}"
EndProject
Project("{FAE04EC0-301F-11D3-BF4B-00C04F79EFBC}") = "Cubase.Midi.Sync.Common", "..\Cubase.Midi.Sync.Common\Cubase.Midi.Sync.Common.csproj", "{12BE5E36-B3F0-45D5-BA2E-2970CF80FA30}"
EndProject
Project("{FAE04EC0-301F-11D3-BF4B-00C04F79EFBC}") = "Cubase.Midi.Sync.Server", "..\Cubase.Midi.Sync.Server\Cubase.Midi.Sync.Server.csproj", "{BE3D7BC1-FA26-42C0-A817-50B7DB05C678}"
EndProject
Project("{FAE04EC0-301F-11D3-BF4B-00C04F79EFBC}") = "Cubase.Midi.Sync.Configuration.UI", "..\Cubase.Midi.Sync.Configuration.UI\Cubase.Midi.Sync.Configuration.UI.csproj", "{5374B0A8-A0BC-4041-914D-F416ABFEF909}"
EndProject
Project("{FAE04EC0-301F-11D3-BF4B-00C04F79EFBC}") = "Cubase.Midi.Sync.KeyParser", "..\Cubase.Midi.Sync.KeyParser\Cubase.Midi.Sync.KeyParser.csproj", "{1893159C-60F3-4D53-9591-F4CA8B4762BB}"
EndProject
Project("{FAE04EC0-301F-11D3-BF4B-00C04F79EFBC}") = "Cubase.Midi.Sync.Server.Tests", "..\Cubase.Midi.Sync.Server.Tests\Cubase.Midi.Sync.Server.Tests.csproj", "{3582F4EC-5627-45A3-9B26-3223B56F3702}"
EndProject
Project("{FAE04EC0-301F-11D3-BF4B-00C04F79EFBC}") = "Cubase.Midi.Sync.WindowManager", "..\Cubase.Midi.Sync.WindowManager\Cubase.Midi.Sync.WindowManager.csproj", "{1F5EBD85-BE92-42B9-BB17-969EB0025735}"
EndProject
Global
	GlobalSection(SolutionConfigurationPlatforms) = preSolution
		Debug|Any CPU = Debug|Any CPU
		Release|Any CPU = Release|Any CPU
	EndGlobalSection
	GlobalSection(ProjectConfigurationPlatforms) = postSolution
		{144916B4-5B12-46F0-B693-5CD05EEB3454}.Debug|Any CPU.ActiveCfg = Debug|Any CPU
		{144916B4-5B12-46F0-B693-5CD05EEB3454}.Debug|Any CPU.Build.0 = Debug|Any CPU
		{144916B4-5B12-46F0-B693-5CD05EEB3454}.Debug|Any CPU.Deploy.0 = Debug|Any CPU
		{144916B4-5B12-46F0-B693-5CD05EEB3454}.Release|Any CPU.ActiveCfg = Release|Any CPU
		{144916B4-5B12-46F0-B693-5CD05EEB3454}.Release|Any CPU.Build.0 = Release|Any CPU
		{12BE5E36-B3F0-45D5-BA2E-2970CF80FA30}.Debug|Any CPU.ActiveCfg = Debug|Any CPU
		{12BE5E36-B3F0-45D5-BA2E-2970CF80FA30}.Debug|Any CPU.Build.0 = Debug|Any CPU
		{12BE5E36-B3F0-45D5-BA2E-2970CF80FA30}.Release|Any CPU.ActiveCfg = Release|Any CPU
		{12BE5E36-B3F0-45D5-BA2E-2970CF80FA30}.Release|Any CPU.Build.0 = Release|Any CPU
		{BE3D7BC1-FA26-42C0-A817-50B7DB05C678}.Debug|Any CPU.ActiveCfg = Debug|Any CPU
		{BE3D7BC1-FA26-42C0-A817-50B7DB05C678}.Debug|Any CPU.Build.0 = Debug|Any CPU
		{BE3D7BC1-FA26-42C0-A817-50B7DB05C678}.Release|Any CPU.ActiveCfg = Release|Any CPU
		{BE3D7BC1-FA26-42C0-A817-50B7DB05C678}.Release|Any CPU.Build.0 = Release|Any CPU
		{5374B0A8-A0BC-4041-914D-F416ABFEF909}.Debug|Any CPU.ActiveCfg = Debug|Any CPU
		{5374B0A8-A0BC-4041-914D-F416ABFEF909}.Debug|Any CPU.Build.0 = Debug|Any CPU
		{5374B0A8-A0BC-4041-914D-F416ABFEF909}.Release|Any CPU.ActiveCfg = Release|Any CPU
		{5374B0A8-A0BC-4041-914D-F416ABFEF909}.Release|Any CPU.Build.0 = Release|Any CPU
		{1893159C-60F3-4D53-9591-F4CA8B4762BB}.Debug|Any CPU.ActiveCfg = Debug|Any CPU
		{1893159C-60F3-4D53-9591-F4CA8B4762BB}.Debug|Any CPU.Build.0 = Debug|Any CPU
		{1893159C-60F3-4D53-9591-F4CA8B4762BB}.Release|Any CPU.ActiveCfg = Release|Any CPU
		{1893159C-60F3-4D53-9591-F4CA8B4762BB}.Release|Any CPU.Build.0 = Release|Any CPU
		{3582F4EC-5627-45A3-9B26-3223B56F3702}.Debug|Any CPU.ActiveCfg = Debug|Any CPU
		{3582F4EC-5627-45A3-9B26-3223B56F3702}.Debug|Any CPU.Build.0 = Debug|Any CPU
		{3582F4EC-5627-45A3-9B26-3223B56F3702}.Release|Any CPU.ActiveCfg = Release|Any CPU
		{3582F4EC-5627-45A3-9B26-3223B56F3702}.Release|Any CPU.Build.0 = Release|Any CPU
		{1F5EBD85-BE92-42B9-BB17-969EB0025735}.Debug|Any CPU.ActiveCfg = Debug|Any CPU
		{1F5EBD85-BE92-42B9-BB17-969EB0025735}.Debug|Any CPU.Build.0 = Debug|Any CPU
		{1F5EBD85-BE92-42B9-BB17-969EB0025735}.Release|Any CPU.ActiveCfg = Release|Any CPU
		{1F5EBD85-BE92-42B9-BB17-969EB0025735}.Release|Any CPU.Build.0 = Release|Any CPU
	EndGlobalSection
	GlobalSection(SolutionProperties) = preSolution
		HideSolutionNode = FALSE
	EndGlobalSection
	GlobalSection(ExtensibilityGlobals) = postSolution
		SolutionGuid = {A325747E-8BC3-4F63-9B80-DCF2799D10BD}
	EndGlobalSection
EndGlobal
